// !$*UTF8*$!
{
	archiveVersion = 1;
	classes = {
	};
	objectVersion = 50;
	objects = {

/* Begin PBXBuildFile section */
		DB248E8E234A19AE00823FC2 /* AppDelegate.swift in Sources */ = {isa = PBXBuildFile; fileRef = DB248E8D234A19AE00823FC2 /* AppDelegate.swift */; };
		DB248E90234A19AE00823FC2 /* art.scnassets in Resources */ = {isa = PBXBuildFile; fileRef = DB248E8F234A19AE00823FC2 /* art.scnassets */; };
		DB248E92234A19AE00823FC2 /* ViewController.swift in Sources */ = {isa = PBXBuildFile; fileRef = DB248E91234A19AE00823FC2 /* ViewController.swift */; };
		DB248E95234A19AE00823FC2 /* Main.storyboard in Resources */ = {isa = PBXBuildFile; fileRef = DB248E93234A19AE00823FC2 /* Main.storyboard */; };
		DB248E97234A19B100823FC2 /* Assets.xcassets in Resources */ = {isa = PBXBuildFile; fileRef = DB248E96234A19B100823FC2 /* Assets.xcassets */; };
		DB248E9A234A19B100823FC2 /* LaunchScreen.storyboard in Resources */ = {isa = PBXBuildFile; fileRef = DB248E98234A19B100823FC2 /* LaunchScreen.storyboard */; };
		DB248EA5234A19B100823FC2 /* SampleAppTests.swift in Sources */ = {isa = PBXBuildFile; fileRef = DB248EA4234A19B100823FC2 /* SampleAppTests.swift */; };
		DB248EB0234A19B100823FC2 /* SampleAppUITests.swift in Sources */ = {isa = PBXBuildFile; fileRef = DB248EAF234A19B100823FC2 /* SampleAppUITests.swift */; };
/* End PBXBuildFile section */

/* Begin PBXContainerItemProxy section */
		DB248EA1234A19B100823FC2 /* PBXContainerItemProxy */ = {
			isa = PBXContainerItemProxy;
			containerPortal = DB248E82234A19AE00823FC2 /* Project object */;
			proxyType = 1;
			remoteGlobalIDString = DB248E89234A19AE00823FC2;
			remoteInfo = SampleApp;
		};
		DB248EAC234A19B100823FC2 /* PBXContainerItemProxy */ = {
			isa = PBXContainerItemProxy;
			containerPortal = DB248E82234A19AE00823FC2 /* Project object */;
			proxyType = 1;
			remoteGlobalIDString = DB248E89234A19AE00823FC2;
			remoteInfo = SampleApp;
		};
/* End PBXContainerItemProxy section */

/* Begin PBXFileReference section */
		DB248E8A234A19AE00823FC2 /* SampleApp.app */ = {isa = PBXFileReference; explicitFileType = wrapper.application; includeInIndex = 0; path = SampleApp.app; sourceTree = BUILT_PRODUCTS_DIR; };
		DB248E8D234A19AE00823FC2 /* AppDelegate.swift */ = {isa = PBXFileReference; lastKnownFileType = sourcecode.swift; path = AppDelegate.swift; sourceTree = "<group>"; };
		DB248E8F234A19AE00823FC2 /* art.scnassets */ = {isa = PBXFileReference; lastKnownFileType = wrapper.scnassets; path = art.scnassets; sourceTree = "<group>"; };
		DB248E91234A19AE00823FC2 /* ViewController.swift */ = {isa = PBXFileReference; lastKnownFileType = sourcecode.swift; path = ViewController.swift; sourceTree = "<group>"; };
		DB248E94234A19AE00823FC2 /* Base */ = {isa = PBXFileReference; lastKnownFileType = file.storyboard; name = Base; path = Base.lproj/Main.storyboard; sourceTree = "<group>"; };
		DB248E96234A19B100823FC2 /* Assets.xcassets */ = {isa = PBXFileReference; lastKnownFileType = folder.assetcatalog; path = Assets.xcassets; sourceTree = "<group>"; };
		DB248E99234A19B100823FC2 /* Base */ = {isa = PBXFileReference; lastKnownFileType = file.storyboard; name = Base; path = Base.lproj/LaunchScreen.storyboard; sourceTree = "<group>"; };
		DB248E9B234A19B100823FC2 /* Info.plist */ = {isa = PBXFileReference; lastKnownFileType = text.plist.xml; path = Info.plist; sourceTree = "<group>"; };
		DB248EA0234A19B100823FC2 /* SampleAppTests.xctest */ = {isa = PBXFileReference; explicitFileType = wrapper.cfbundle; includeInIndex = 0; path = SampleAppTests.xctest; sourceTree = BUILT_PRODUCTS_DIR; };
		DB248EA4234A19B100823FC2 /* SampleAppTests.swift */ = {isa = PBXFileReference; lastKnownFileType = sourcecode.swift; path = SampleAppTests.swift; sourceTree = "<group>"; };
		DB248EA6234A19B100823FC2 /* Info.plist */ = {isa = PBXFileReference; lastKnownFileType = text.plist.xml; path = Info.plist; sourceTree = "<group>"; };
		DB248EAB234A19B100823FC2 /* SampleAppUITests.xctest */ = {isa = PBXFileReference; explicitFileType = wrapper.cfbundle; includeInIndex = 0; path = SampleAppUITests.xctest; sourceTree = BUILT_PRODUCTS_DIR; };
		DB248EAF234A19B100823FC2 /* SampleAppUITests.swift */ = {isa = PBXFileReference; lastKnownFileType = sourcecode.swift; path = SampleAppUITests.swift; sourceTree = "<group>"; };
		DB248EB1234A19B100823FC2 /* Info.plist */ = {isa = PBXFileReference; lastKnownFileType = text.plist.xml; path = Info.plist; sourceTree = "<group>"; };
/* End PBXFileReference section */

/* Begin PBXFrameworksBuildPhase section */
		DB248E87234A19AE00823FC2 /* Frameworks */ = {
			isa = PBXFrameworksBuildPhase;
			buildActionMask = 2147483647;
			files = (
			);
			runOnlyForDeploymentPostprocessing = 0;
		};
		DB248E9D234A19B100823FC2 /* Frameworks */ = {
			isa = PBXFrameworksBuildPhase;
			buildActionMask = 2147483647;
			files = (
			);
			runOnlyForDeploymentPostprocessing = 0;
		};
		DB248EA8234A19B100823FC2 /* Frameworks */ = {
			isa = PBXFrameworksBuildPhase;
			buildActionMask = 2147483647;
			files = (
			);
			runOnlyForDeploymentPostprocessing = 0;
		};
/* End PBXFrameworksBuildPhase section */

/* Begin PBXGroup section */
		DB248E81234A19AE00823FC2 = {
			isa = PBXGroup;
			children = (
				DB248E8C234A19AE00823FC2 /* SampleApp */,
				DB248EA3234A19B100823FC2 /* SampleAppTests */,
				DB248EAE234A19B100823FC2 /* SampleAppUITests */,
				DB248E8B234A19AE00823FC2 /* Products */,
			);
			sourceTree = "<group>";
		};
		DB248E8B234A19AE00823FC2 /* Products */ = {
			isa = PBXGroup;
			children = (
				DB248E8A234A19AE00823FC2 /* SampleApp.app */,
				DB248EA0234A19B100823FC2 /* SampleAppTests.xctest */,
				DB248EAB234A19B100823FC2 /* SampleAppUITests.xctest */,
			);
			name = Products;
			sourceTree = "<group>";
		};
		DB248E8C234A19AE00823FC2 /* SampleApp */ = {
			isa = PBXGroup;
			children = (
				DB248E8D234A19AE00823FC2 /* AppDelegate.swift */,
				DB248E8F234A19AE00823FC2 /* art.scnassets */,
				DB248E91234A19AE00823FC2 /* ViewController.swift */,
				DB248E93234A19AE00823FC2 /* Main.storyboard */,
				DB248E96234A19B100823FC2 /* Assets.xcassets */,
				DB248E98234A19B100823FC2 /* LaunchScreen.storyboard */,
				DB248E9B234A19B100823FC2 /* Info.plist */,
			);
			path = SampleApp;
			sourceTree = "<group>";
		};
		DB248EA3234A19B100823FC2 /* SampleAppTests */ = {
			isa = PBXGroup;
			children = (
				DB248EA4234A19B100823FC2 /* SampleAppTests.swift */,
				DB248EA6234A19B100823FC2 /* Info.plist */,
			);
			path = SampleAppTests;
			sourceTree = "<group>";
		};
		DB248EAE234A19B100823FC2 /* SampleAppUITests */ = {
			isa = PBXGroup;
			children = (
				DB248EAF234A19B100823FC2 /* SampleAppUITests.swift */,
				DB248EB1234A19B100823FC2 /* Info.plist */,
			);
			path = SampleAppUITests;
			sourceTree = "<group>";
		};
/* End PBXGroup section */

/* Begin PBXNativeTarget section */
		DB248E89234A19AE00823FC2 /* SampleApp */ = {
			isa = PBXNativeTarget;
			buildConfigurationList = DB248EB4234A19B100823FC2 /* Build configuration list for PBXNativeTarget "SampleApp" */;
			buildPhases = (
				DB248E86234A19AE00823FC2 /* Sources */,
				DB248E87234A19AE00823FC2 /* Frameworks */,
				DB248E88234A19AE00823FC2 /* Resources */,
			);
			buildRules = (
			);
			dependencies = (
			);
			name = SampleApp;
			productName = SampleApp;
			productReference = DB248E8A234A19AE00823FC2 /* SampleApp.app */;
			productType = "com.apple.product-type.application";
		};
		DB248E9F234A19B100823FC2 /* SampleAppTests */ = {
			isa = PBXNativeTarget;
			buildConfigurationList = DB248EB7234A19B100823FC2 /* Build configuration list for PBXNativeTarget "SampleAppTests" */;
			buildPhases = (
				DB248E9C234A19B100823FC2 /* Sources */,
				DB248E9D234A19B100823FC2 /* Frameworks */,
				DB248E9E234A19B100823FC2 /* Resources */,
			);
			buildRules = (
			);
			dependencies = (
				DB248EA2234A19B100823FC2 /* PBXTargetDependency */,
			);
			name = SampleAppTests;
			productName = SampleAppTests;
			productReference = DB248EA0234A19B100823FC2 /* SampleAppTests.xctest */;
			productType = "com.apple.product-type.bundle.unit-test";
		};
		DB248EAA234A19B100823FC2 /* SampleAppUITests */ = {
			isa = PBXNativeTarget;
			buildConfigurationList = DB248EBA234A19B100823FC2 /* Build configuration list for PBXNativeTarget "SampleAppUITests" */;
			buildPhases = (
				DB248EA7234A19B100823FC2 /* Sources */,
				DB248EA8234A19B100823FC2 /* Frameworks */,
				DB248EA9234A19B100823FC2 /* Resources */,
			);
			buildRules = (
			);
			dependencies = (
				DB248EAD234A19B100823FC2 /* PBXTargetDependency */,
			);
			name = SampleAppUITests;
			productName = SampleAppUITests;
			productReference = DB248EAB234A19B100823FC2 /* SampleAppUITests.xctest */;
			productType = "com.apple.product-type.bundle.ui-testing";
		};
/* End PBXNativeTarget section */

/* Begin PBXProject section */
		DB248E82234A19AE00823FC2 /* Project object */ = {
			isa = PBXProject;
			attributes = {
				LastSwiftUpdateCheck = 1100;
				LastUpgradeCheck = 1100;
				ORGANIZATIONNAME = "Mehmet Tarhan";
				TargetAttributes = {
					DB248E89234A19AE00823FC2 = {
						CreatedOnToolsVersion = 11.0;
					};
					DB248E9F234A19B100823FC2 = {
						CreatedOnToolsVersion = 11.0;
						TestTargetID = DB248E89234A19AE00823FC2;
					};
					DB248EAA234A19B100823FC2 = {
						CreatedOnToolsVersion = 11.0;
						TestTargetID = DB248E89234A19AE00823FC2;
					};
				};
			};
			buildConfigurationList = DB248E85234A19AE00823FC2 /* Build configuration list for PBXProject "SampleApp" */;
			compatibilityVersion = "Xcode 9.3";
			developmentRegion = en;
			hasScannedForEncodings = 0;
			knownRegions = (
				en,
				Base,
			);
			mainGroup = DB248E81234A19AE00823FC2;
			productRefGroup = DB248E8B234A19AE00823FC2 /* Products */;
			projectDirPath = "";
			projectRoot = "";
			targets = (
				DB248E89234A19AE00823FC2 /* SampleApp */,
				DB248E9F234A19B100823FC2 /* SampleAppTests */,
				DB248EAA234A19B100823FC2 /* SampleAppUITests */,
			);
		};
/* End PBXProject section */

/* Begin PBXResourcesBuildPhase section */
		DB248E88234A19AE00823FC2 /* Resources */ = {
			isa = PBXResourcesBuildPhase;
			buildActionMask = 2147483647;
			files = (
				DB248E90234A19AE00823FC2 /* art.scnassets in Resources */,
				DB248E9A234A19B100823FC2 /* LaunchScreen.storyboard in Resources */,
				DB248E97234A19B100823FC2 /* Assets.xcassets in Resources */,
				DB248E95234A19AE00823FC2 /* Main.storyboard in Resources */,
			);
			runOnlyForDeploymentPostprocessing = 0;
		};
		DB248E9E234A19B100823FC2 /* Resources */ = {
			isa = PBXResourcesBuildPhase;
			buildActionMask = 2147483647;
			files = (
			);
			runOnlyForDeploymentPostprocessing = 0;
		};
		DB248EA9234A19B100823FC2 /* Resources */ = {
			isa = PBXResourcesBuildPhase;
			buildActionMask = 2147483647;
			files = (
			);
			runOnlyForDeploymentPostprocessing = 0;
		};
/* End PBXResourcesBuildPhase section */

/* Begin PBXSourcesBuildPhase section */
		DB248E86234A19AE00823FC2 /* Sources */ = {
			isa = PBXSourcesBuildPhase;
			buildActionMask = 2147483647;
			files = (
				DB248E92234A19AE00823FC2 /* ViewController.swift in Sources */,
				DB248E8E234A19AE00823FC2 /* AppDelegate.swift in Sources */,
			);
			runOnlyForDeploymentPostprocessing = 0;
		};
		DB248E9C234A19B100823FC2 /* Sources */ = {
			isa = PBXSourcesBuildPhase;
			buildActionMask = 2147483647;
			files = (
				DB248EA5234A19B100823FC2 /* SampleAppTests.swift in Sources */,
			);
			runOnlyForDeploymentPostprocessing = 0;
		};
		DB248EA7234A19B100823FC2 /* Sources */ = {
			isa = PBXSourcesBuildPhase;
			buildActionMask = 2147483647;
			files = (
				DB248EB0234A19B100823FC2 /* SampleAppUITests.swift in Sources */,
			);
			runOnlyForDeploymentPostprocessing = 0;
		};
/* End PBXSourcesBuildPhase section */

/* Begin PBXTargetDependency section */
		DB248EA2234A19B100823FC2 /* PBXTargetDependency */ = {
			isa = PBXTargetDependency;
			target = DB248E89234A19AE00823FC2 /* SampleApp */;
			targetProxy = DB248EA1234A19B100823FC2 /* PBXContainerItemProxy */;
		};
		DB248EAD234A19B100823FC2 /* PBXTargetDependency */ = {
			isa = PBXTargetDependency;
			target = DB248E89234A19AE00823FC2 /* SampleApp */;
			targetProxy = DB248EAC234A19B100823FC2 /* PBXContainerItemProxy */;
		};
/* End PBXTargetDependency section */

/* Begin PBXVariantGroup section */
		DB248E93234A19AE00823FC2 /* Main.storyboard */ = {
			isa = PBXVariantGroup;
			children = (
				DB248E94234A19AE00823FC2 /* Base */,
			);
			name = Main.storyboard;
			sourceTree = "<group>";
		};
		DB248E98234A19B100823FC2 /* LaunchScreen.storyboard */ = {
			isa = PBXVariantGroup;
			children = (
				DB248E99234A19B100823FC2 /* Base */,
			);
			name = LaunchScreen.storyboard;
			sourceTree = "<group>";
		};
/* End PBXVariantGroup section */

/* Begin XCBuildConfiguration section */
		DB248EB2234A19B100823FC2 /* Debug */ = {
			isa = XCBuildConfiguration;
			buildSettings = {
				ALWAYS_SEARCH_USER_PATHS = NO;
				CLANG_ANALYZER_NONNULL = YES;
				CLANG_ANALYZER_NUMBER_OBJECT_CONVERSION = YES_AGGRESSIVE;
				CLANG_CXX_LANGUAGE_STANDARD = "gnu++14";
				CLANG_CXX_LIBRARY = "libc++";
				CLANG_ENABLE_MODULES = YES;
				CLANG_ENABLE_OBJC_ARC = YES;
				CLANG_ENABLE_OBJC_WEAK = YES;
				CLANG_WARN_BLOCK_CAPTURE_AUTORELEASING = YES;
				CLANG_WARN_BOOL_CONVERSION = YES;
				CLANG_WARN_COMMA = YES;
				CLANG_WARN_CONSTANT_CONVERSION = YES;
				CLANG_WARN_DEPRECATED_OBJC_IMPLEMENTATIONS = YES;
				CLANG_WARN_DIRECT_OBJC_ISA_USAGE = YES_ERROR;
				CLANG_WARN_DOCUMENTATION_COMMENTS = YES;
				CLANG_WARN_EMPTY_BODY = YES;
				CLANG_WARN_ENUM_CONVERSION = YES;
				CLANG_WARN_INFINITE_RECURSION = YES;
				CLANG_WARN_INT_CONVERSION = YES;
				CLANG_WARN_NON_LITERAL_NULL_CONVERSION = YES;
				CLANG_WARN_OBJC_IMPLICIT_RETAIN_SELF = YES;
				CLANG_WARN_OBJC_LITERAL_CONVERSION = YES;
				CLANG_WARN_OBJC_ROOT_CLASS = YES_ERROR;
				CLANG_WARN_RANGE_LOOP_ANALYSIS = YES;
				CLANG_WARN_STRICT_PROTOTYPES = YES;
				CLANG_WARN_SUSPICIOUS_MOVE = YES;
				CLANG_WARN_UNGUARDED_AVAILABILITY = YES_AGGRESSIVE;
				CLANG_WARN_UNREACHABLE_CODE = YES;
				CLANG_WARN__DUPLICATE_METHOD_MATCH = YES;
				COPY_PHASE_STRIP = NO;
				DEBUG_INFORMATION_FORMAT = dwarf;
				ENABLE_STRICT_OBJC_MSGSEND = YES;
				ENABLE_TESTABILITY = YES;
				GCC_C_LANGUAGE_STANDARD = gnu11;
				GCC_DYNAMIC_NO_PIC = NO;
				GCC_NO_COMMON_BLOCKS = YES;
				GCC_OPTIMIZATION_LEVEL = 0;
				GCC_PREPROCESSOR_DEFINITIONS = (
					"DEBUG=1",
					"$(inherited)",
				);
				GCC_WARN_64_TO_32_BIT_CONVERSION = YES;
				GCC_WARN_ABOUT_RETURN_TYPE = YES_ERROR;
				GCC_WARN_UNDECLARED_SELECTOR = YES;
				GCC_WARN_UNINITIALIZED_AUTOS = YES_AGGRESSIVE;
				GCC_WARN_UNUSED_FUNCTION = YES;
				GCC_WARN_UNUSED_VARIABLE = YES;
				IPHONEOS_DEPLOYMENT_TARGET = 13.0;
				MTL_ENABLE_DEBUG_INFO = INCLUDE_SOURCE;
				MTL_FAST_MATH = YES;
				ONLY_ACTIVE_ARCH = YES;
				SDKROOT = iphoneos;
				SWIFT_ACTIVE_COMPILATION_CONDITIONS = DEBUG;
				SWIFT_OPTIMIZATION_LEVEL = "-Onone";
			};
			name = Debug;
		};
		DB248EB3234A19B100823FC2 /* Release */ = {
			isa = XCBuildConfiguration;
			buildSettings = {
				ALWAYS_SEARCH_USER_PATHS = NO;
				CLANG_ANALYZER_NONNULL = YES;
				CLANG_ANALYZER_NUMBER_OBJECT_CONVERSION = YES_AGGRESSIVE;
				CLANG_CXX_LANGUAGE_STANDARD = "gnu++14";
				CLANG_CXX_LIBRARY = "libc++";
				CLANG_ENABLE_MODULES = YES;
				CLANG_ENABLE_OBJC_ARC = YES;
				CLANG_ENABLE_OBJC_WEAK = YES;
				CLANG_WARN_BLOCK_CAPTURE_AUTORELEASING = YES;
				CLANG_WARN_BOOL_CONVERSION = YES;
				CLANG_WARN_COMMA = YES;
				CLANG_WARN_CONSTANT_CONVERSION = YES;
				CLANG_WARN_DEPRECATED_OBJC_IMPLEMENTATIONS = YES;
				CLANG_WARN_DIRECT_OBJC_ISA_USAGE = YES_ERROR;
				CLANG_WARN_DOCUMENTATION_COMMENTS = YES;
				CLANG_WARN_EMPTY_BODY = YES;
				CLANG_WARN_ENUM_CONVERSION = YES;
				CLANG_WARN_INFINITE_RECURSION = YES;
				CLANG_WARN_INT_CONVERSION = YES;
				CLANG_WARN_NON_LITERAL_NULL_CONVERSION = YES;
				CLANG_WARN_OBJC_IMPLICIT_RETAIN_SELF = YES;
				CLANG_WARN_OBJC_LITERAL_CONVERSION = YES;
				CLANG_WARN_OBJC_ROOT_CLASS = YES_ERROR;
				CLANG_WARN_RANGE_LOOP_ANALYSIS = YES;
				CLANG_WARN_STRICT_PROTOTYPES = YES;
				CLANG_WARN_SUSPICIOUS_MOVE = YES;
				CLANG_WARN_UNGUARDED_AVAILABILITY = YES_AGGRESSIVE;
				CLANG_WARN_UNREACHABLE_CODE = YES;
				CLANG_WARN__DUPLICATE_METHOD_MATCH = YES;
				COPY_PHASE_STRIP = NO;
				DEBUG_INFORMATION_FORMAT = "dwarf-with-dsym";
				ENABLE_NS_ASSERTIONS = NO;
				ENABLE_STRICT_OBJC_MSGSEND = YES;
				GCC_C_LANGUAGE_STANDARD = gnu11;
				GCC_NO_COMMON_BLOCKS = YES;
				GCC_WARN_64_TO_32_BIT_CONVERSION = YES;
				GCC_WARN_ABOUT_RETURN_TYPE = YES_ERROR;
				GCC_WARN_UNDECLARED_SELECTOR = YES;
				GCC_WARN_UNINITIALIZED_AUTOS = YES_AGGRESSIVE;
				GCC_WARN_UNUSED_FUNCTION = YES;
				GCC_WARN_UNUSED_VARIABLE = YES;
				IPHONEOS_DEPLOYMENT_TARGET = 13.0;
				MTL_ENABLE_DEBUG_INFO = NO;
				MTL_FAST_MATH = YES;
				SDKROOT = iphoneos;
				SWIFT_COMPILATION_MODE = wholemodule;
				SWIFT_OPTIMIZATION_LEVEL = "-O";
				VALIDATE_PRODUCT = YES;
			};
			name = Release;
		};
		DB248EB5234A19B100823FC2 /* Debug */ = {
			isa = XCBuildConfiguration;
			buildSettings = {
				ASSETCATALOG_COMPILER_APPICON_NAME = AppIcon;
				CODE_SIGN_STYLE = Automatic;
				DEVELOPMENT_TEAM = 2L9L899V66;
				INFOPLIST_FILE = SampleApp/Info.plist;
				LD_RUNPATH_SEARCH_PATHS = (
					"$(inherited)",
					"@executable_path/Frameworks",
				);
				PRODUCT_BUNDLE_IDENTIFIER = com.memtarhan.SampleApp;
				PRODUCT_NAME = "$(TARGET_NAME)";
				SWIFT_VERSION = 5.0;
				TARGETED_DEVICE_FAMILY = "1,2";
			};
			name = Debug;
		};
		DB248EB6234A19B100823FC2 /* Release */ = {
			isa = XCBuildConfiguration;
			buildSettings = {
				ASSETCATALOG_COMPILER_APPICON_NAME = AppIcon;
				CODE_SIGN_STYLE = Automatic;
				DEVELOPMENT_TEAM = 2L9L899V66;
				INFOPLIST_FILE = SampleApp/Info.plist;
				LD_RUNPATH_SEARCH_PATHS = (
					"$(inherited)",
					"@executable_path/Frameworks",
				);
				PRODUCT_BUNDLE_IDENTIFIER = com.memtarhan.SampleApp;
				PRODUCT_NAME = "$(TARGET_NAME)";
				SWIFT_VERSION = 5.0;
				TARGETED_DEVICE_FAMILY = "1,2";
			};
			name = Release;
		};
		DB248EB8234A19B100823FC2 /* Debug */ = {
			isa = XCBuildConfiguration;
			buildSettings = {
				ALWAYS_EMBED_SWIFT_STANDARD_LIBRARIES = YES;
				BUNDLE_LOADER = "$(TEST_HOST)";
				CODE_SIGN_STYLE = Automatic;
				DEVELOPMENT_TEAM = 2L9L899V66;
				INFOPLIST_FILE = SampleAppTests/Info.plist;
				IPHONEOS_DEPLOYMENT_TARGET = 13.0;
				LD_RUNPATH_SEARCH_PATHS = (
					"$(inherited)",
					"@executable_path/Frameworks",
					"@loader_path/Frameworks",
				);
				PRODUCT_BUNDLE_IDENTIFIER = com.memtarhan.SampleAppTests;
				PRODUCT_NAME = "$(TARGET_NAME)";
				SWIFT_VERSION = 5.0;
				TARGETED_DEVICE_FAMILY = "1,2";
				TEST_HOST = "$(BUILT_PRODUCTS_DIR)/SampleApp.app/SampleApp";
			};
			name = Debug;
		};
		DB248EB9234A19B100823FC2 /* Release */ = {
			isa = XCBuildConfiguration;
			buildSettings = {
				ALWAYS_EMBED_SWIFT_STANDARD_LIBRARIES = YES;
				BUNDLE_LOADER = "$(TEST_HOST)";
				CODE_SIGN_STYLE = Automatic;
				DEVELOPMENT_TEAM = 2L9L899V66;
				INFOPLIST_FILE = SampleAppTests/Info.plist;
				IPHONEOS_DEPLOYMENT_TARGET = 13.0;
				LD_RUNPATH_SEARCH_PATHS = (
					"$(inherited)",
					"@executable_path/Frameworks",
					"@loader_path/Frameworks",
				);
				PRODUCT_BUNDLE_IDENTIFIER = com.memtarhan.SampleAppTests;
				PRODUCT_NAME = "$(TARGET_NAME)";
				SWIFT_VERSION = 5.0;
				TARGETED_DEVICE_FAMILY = "1,2";
				TEST_HOST = "$(BUILT_PRODUCTS_DIR)/SampleApp.app/SampleApp";
			};
			name = Release;
		};
		DB248EBB234A19B100823FC2 /* Debug */ = {
			isa = XCBuildConfiguration;
			buildSettings = {
				ALWAYS_EMBED_SWIFT_STANDARD_LIBRARIES = YES;
				CODE_SIGN_STYLE = Automatic;
				DEVELOPMENT_TEAM = 2L9L899V66;
				INFOPLIST_FILE = SampleAppUITests/Info.plist;
				LD_RUNPATH_SEARCH_PATHS = (
					"$(inherited)",
					"@executable_path/Frameworks",
					"@loader_path/Frameworks",
				);
				PRODUCT_BUNDLE_IDENTIFIER = com.memtarhan.SampleAppUITests;
				PRODUCT_NAME = "$(TARGET_NAME)";
				SWIFT_VERSION = 5.0;
				TARGETED_DEVICE_FAMILY = "1,2";
				TEST_TARGET_NAME = SampleApp;
			};
			name = Debug;
		};
		DB248EBC234A19B100823FC2 /* Release */ = {
			isa = XCBuildConfiguration;
			buildSettings = {
				ALWAYS_EMBED_SWIFT_STANDARD_LIBRARIES = YES;
				CODE_SIGN_STYLE = Automatic;
				DEVELOPMENT_TEAM = 2L9L899V66;
				INFOPLIST_FILE = SampleAppUITests/Info.plist;
				LD_RUNPATH_SEARCH_PATHS = (
					"$(inherited)",
					"@executable_path/Frameworks",
					"@loader_path/Frameworks",
				);
				PRODUCT_BUNDLE_IDENTIFIER = com.memtarhan.SampleAppUITests;
				PRODUCT_NAME = "$(TARGET_NAME)";
				SWIFT_VERSION = 5.0;
				TARGETED_DEVICE_FAMILY = "1,2";
				TEST_TARGET_NAME = SampleApp;
			};
			name = Release;
		};
/* End XCBuildConfiguration section */

/* Begin XCConfigurationList section */
		DB248E85234A19AE00823FC2 /* Build configuration list for PBXProject "SampleApp" */ = {
			isa = XCConfigurationList;
			buildConfigurations = (
				DB248EB2234A19B100823FC2 /* Debug */,
				DB248EB3234A19B100823FC2 /* Release */,
			);
			defaultConfigurationIsVisible = 0;
			defaultConfigurationName = Release;
		};
		DB248EB4234A19B100823FC2 /* Build configuration list for PBXNativeTarget "SampleApp" */ = {
			isa = XCConfigurationList;
			buildConfigurations = (
				DB248EB5234A19B100823FC2 /* Debug */,
				DB248EB6234A19B100823FC2 /* Release */,
			);
			defaultConfigurationIsVisible = 0;
			defaultConfigurationName = Release;
		};
		DB248EB7234A19B100823FC2 /* Build configuration list for PBXNativeTarget "SampleAppTests" */ = {
			isa = XCConfigurationList;
			buildConfigurations = (
				DB248EB8234A19B100823FC2 /* Debug */,
				DB248EB9234A19B100823FC2 /* Release */,
			);
			defaultConfigurationIsVisible = 0;
			defaultConfigurationName = Release;
		};
		DB248EBA234A19B100823FC2 /* Build configuration list for PBXNativeTarget "SampleAppUITests" */ = {
			isa = XCConfigurationList;
			buildConfigurations = (
				DB248EBB234A19B100823FC2 /* Debug */,
				DB248EBC234A19B100823FC2 /* Release */,
			);
			defaultConfigurationIsVisible = 0;
			defaultConfigurationName = Release;
		};
/* End XCConfigurationList section */
	};
	rootObject = DB248E82234A19AE00823FC2 /* Project object */;
}
