// !$*UTF8*$!
{
	archiveVersion = 1;
	classes = {
	};
	objectVersion = 50;
	objects = {

/* Begin PBXBuildFile section */
		DB8C5D65229D941900EC3F13 /* AppDelegate.swift in Sources */ = {isa = PBXBuildFile; fileRef = DB8C5D64229D941900EC3F13 /* AppDelegate.swift */; };
		DB8C5D67229D941900EC3F13 /* art.scnassets in Resources */ = {isa = PBXBuildFile; fileRef = DB8C5D66229D941900EC3F13 /* art.scnassets */; };
		DB8C5D69229D941900EC3F13 /* ViewController.swift in Sources */ = {isa = PBXBuildFile; fileRef = DB8C5D68229D941900EC3F13 /* ViewController.swift */; };
		DB8C5D6C229D941900EC3F13 /* Main.storyboard in Resources */ = {isa = PBXBuildFile; fileRef = DB8C5D6A229D941900EC3F13 /* Main.storyboard */; };
		DB8C5D6E229D941A00EC3F13 /* Assets.xcassets in Resources */ = {isa = PBXBuildFile; fileRef = DB8C5D6D229D941A00EC3F13 /* Assets.xcassets */; };
		DB8C5D71229D941A00EC3F13 /* LaunchScreen.storyboard in Resources */ = {isa = PBXBuildFile; fileRef = DB8C5D6F229D941A00EC3F13 /* LaunchScreen.storyboard */; };
		DB8C5D7C229D941B00EC3F13 /* __CollisionTests.swift in Sources */ = {isa = PBXBuildFile; fileRef = DB8C5D7B229D941B00EC3F13 /* __CollisionTests.swift */; };
		DB8C5D87229D941B00EC3F13 /* __CollisionUITests.swift in Sources */ = {isa = PBXBuildFile; fileRef = DB8C5D86229D941B00EC3F13 /* __CollisionUITests.swift */; };
/* End PBXBuildFile section */

/* Begin PBXContainerItemProxy section */
		DB8C5D78229D941B00EC3F13 /* PBXContainerItemProxy */ = {
			isa = PBXContainerItemProxy;
			containerPortal = DB8C5D59229D941900EC3F13 /* Project object */;
			proxyType = 1;
			remoteGlobalIDString = DB8C5D60229D941900EC3F13;
			remoteInfo = "3-Collision";
		};
		DB8C5D83229D941B00EC3F13 /* PBXContainerItemProxy */ = {
			isa = PBXContainerItemProxy;
			containerPortal = DB8C5D59229D941900EC3F13 /* Project object */;
			proxyType = 1;
			remoteGlobalIDString = DB8C5D60229D941900EC3F13;
			remoteInfo = "3-Collision";
		};
/* End PBXContainerItemProxy section */

/* Begin PBXFileReference section */
		DB8C5D61229D941900EC3F13 /* 3-Collision.app */ = {isa = PBXFileReference; explicitFileType = wrapper.application; includeInIndex = 0; path = "3-Collision.app"; sourceTree = BUILT_PRODUCTS_DIR; };
		DB8C5D64229D941900EC3F13 /* AppDelegate.swift */ = {isa = PBXFileReference; lastKnownFileType = sourcecode.swift; path = AppDelegate.swift; sourceTree = "<group>"; };
		DB8C5D66229D941900EC3F13 /* art.scnassets */ = {isa = PBXFileReference; lastKnownFileType = wrapper.scnassets; path = art.scnassets; sourceTree = "<group>"; };
		DB8C5D68229D941900EC3F13 /* ViewController.swift */ = {isa = PBXFileReference; lastKnownFileType = sourcecode.swift; path = ViewController.swift; sourceTree = "<group>"; };
		DB8C5D6B229D941900EC3F13 /* Base */ = {isa = PBXFileReference; lastKnownFileType = file.storyboard; name = Base; path = Base.lproj/Main.storyboard; sourceTree = "<group>"; };
		DB8C5D6D229D941A00EC3F13 /* Assets.xcassets */ = {isa = PBXFileReference; lastKnownFileType = folder.assetcatalog; path = Assets.xcassets; sourceTree = "<group>"; };
		DB8C5D70229D941A00EC3F13 /* Base */ = {isa = PBXFileReference; lastKnownFileType = file.storyboard; name = Base; path = Base.lproj/LaunchScreen.storyboard; sourceTree = "<group>"; };
		DB8C5D72229D941A00EC3F13 /* Info.plist */ = {isa = PBXFileReference; lastKnownFileType = text.plist.xml; path = Info.plist; sourceTree = "<group>"; };
		DB8C5D77229D941B00EC3F13 /* 3-CollisionTests.xctest */ = {isa = PBXFileReference; explicitFileType = wrapper.cfbundle; includeInIndex = 0; path = "3-CollisionTests.xctest"; sourceTree = BUILT_PRODUCTS_DIR; };
		DB8C5D7B229D941B00EC3F13 /* __CollisionTests.swift */ = {isa = PBXFileReference; lastKnownFileType = sourcecode.swift; path = __CollisionTests.swift; sourceTree = "<group>"; };
		DB8C5D7D229D941B00EC3F13 /* Info.plist */ = {isa = PBXFileReference; lastKnownFileType = text.plist.xml; path = Info.plist; sourceTree = "<group>"; };
		DB8C5D82229D941B00EC3F13 /* 3-CollisionUITests.xctest */ = {isa = PBXFileReference; explicitFileType = wrapper.cfbundle; includeInIndex = 0; path = "3-CollisionUITests.xctest"; sourceTree = BUILT_PRODUCTS_DIR; };
		DB8C5D86229D941B00EC3F13 /* __CollisionUITests.swift */ = {isa = PBXFileReference; lastKnownFileType = sourcecode.swift; path = __CollisionUITests.swift; sourceTree = "<group>"; };
		DB8C5D88229D941B00EC3F13 /* Info.plist */ = {isa = PBXFileReference; lastKnownFileType = text.plist.xml; path = Info.plist; sourceTree = "<group>"; };
/* End PBXFileReference section */

/* Begin PBXFrameworksBuildPhase section */
		DB8C5D5E229D941900EC3F13 /* Frameworks */ = {
			isa = PBXFrameworksBuildPhase;
			buildActionMask = 2147483647;
			files = (
			);
			runOnlyForDeploymentPostprocessing = 0;
		};
		DB8C5D74229D941B00EC3F13 /* Frameworks */ = {
			isa = PBXFrameworksBuildPhase;
			buildActionMask = 2147483647;
			files = (
			);
			runOnlyForDeploymentPostprocessing = 0;
		};
		DB8C5D7F229D941B00EC3F13 /* Frameworks */ = {
			isa = PBXFrameworksBuildPhase;
			buildActionMask = 2147483647;
			files = (
			);
			runOnlyForDeploymentPostprocessing = 0;
		};
/* End PBXFrameworksBuildPhase section */

/* Begin PBXGroup section */
		DB8C5D58229D941900EC3F13 = {
			isa = PBXGroup;
			children = (
				DB8C5D63229D941900EC3F13 /* 3-Collision */,
				DB8C5D7A229D941B00EC3F13 /* 3-CollisionTests */,
				DB8C5D85229D941B00EC3F13 /* 3-CollisionUITests */,
				DB8C5D62229D941900EC3F13 /* Products */,
			);
			sourceTree = "<group>";
		};
		DB8C5D62229D941900EC3F13 /* Products */ = {
			isa = PBXGroup;
			children = (
				DB8C5D61229D941900EC3F13 /* 3-Collision.app */,
				DB8C5D77229D941B00EC3F13 /* 3-CollisionTests.xctest */,
				DB8C5D82229D941B00EC3F13 /* 3-CollisionUITests.xctest */,
			);
			name = Products;
			sourceTree = "<group>";
		};
		DB8C5D63229D941900EC3F13 /* 3-Collision */ = {
			isa = PBXGroup;
			children = (
				DB8C5D64229D941900EC3F13 /* AppDelegate.swift */,
				DB8C5D66229D941900EC3F13 /* art.scnassets */,
				DB8C5D68229D941900EC3F13 /* ViewController.swift */,
				DB8C5D6A229D941900EC3F13 /* Main.storyboard */,
				DB8C5D6D229D941A00EC3F13 /* Assets.xcassets */,
				DB8C5D6F229D941A00EC3F13 /* LaunchScreen.storyboard */,
				DB8C5D72229D941A00EC3F13 /* Info.plist */,
			);
			path = "3-Collision";
			sourceTree = "<group>";
		};
		DB8C5D7A229D941B00EC3F13 /* 3-CollisionTests */ = {
			isa = PBXGroup;
			children = (
				DB8C5D7B229D941B00EC3F13 /* __CollisionTests.swift */,
				DB8C5D7D229D941B00EC3F13 /* Info.plist */,
			);
			path = "3-CollisionTests";
			sourceTree = "<group>";
		};
		DB8C5D85229D941B00EC3F13 /* 3-CollisionUITests */ = {
			isa = PBXGroup;
			children = (
				DB8C5D86229D941B00EC3F13 /* __CollisionUITests.swift */,
				DB8C5D88229D941B00EC3F13 /* Info.plist */,
			);
			path = "3-CollisionUITests";
			sourceTree = "<group>";
		};
/* End PBXGroup section */

/* Begin PBXNativeTarget section */
		DB8C5D60229D941900EC3F13 /* 3-Collision */ = {
			isa = PBXNativeTarget;
			buildConfigurationList = DB8C5D8B229D941B00EC3F13 /* Build configuration list for PBXNativeTarget "3-Collision" */;
			buildPhases = (
				DB8C5D5D229D941900EC3F13 /* Sources */,
				DB8C5D5E229D941900EC3F13 /* Frameworks */,
				DB8C5D5F229D941900EC3F13 /* Resources */,
			);
			buildRules = (
			);
			dependencies = (
			);
			name = "3-Collision";
			productName = "3-Collision";
			productReference = DB8C5D61229D941900EC3F13 /* 3-Collision.app */;
			productType = "com.apple.product-type.application";
		};
		DB8C5D76229D941B00EC3F13 /* 3-CollisionTests */ = {
			isa = PBXNativeTarget;
			buildConfigurationList = DB8C5D8E229D941B00EC3F13 /* Build configuration list for PBXNativeTarget "3-CollisionTests" */;
			buildPhases = (
				DB8C5D73229D941B00EC3F13 /* Sources */,
				DB8C5D74229D941B00EC3F13 /* Frameworks */,
				DB8C5D75229D941B00EC3F13 /* Resources */,
			);
			buildRules = (
			);
			dependencies = (
				DB8C5D79229D941B00EC3F13 /* PBXTargetDependency */,
			);
			name = "3-CollisionTests";
			productName = "3-CollisionTests";
			productReference = DB8C5D77229D941B00EC3F13 /* 3-CollisionTests.xctest */;
			productType = "com.apple.product-type.bundle.unit-test";
		};
		DB8C5D81229D941B00EC3F13 /* 3-CollisionUITests */ = {
			isa = PBXNativeTarget;
			buildConfigurationList = DB8C5D91229D941B00EC3F13 /* Build configuration list for PBXNativeTarget "3-CollisionUITests" */;
			buildPhases = (
				DB8C5D7E229D941B00EC3F13 /* Sources */,
				DB8C5D7F229D941B00EC3F13 /* Frameworks */,
				DB8C5D80229D941B00EC3F13 /* Resources */,
			);
			buildRules = (
			);
			dependencies = (
				DB8C5D84229D941B00EC3F13 /* PBXTargetDependency */,
			);
			name = "3-CollisionUITests";
			productName = "3-CollisionUITests";
			productReference = DB8C5D82229D941B00EC3F13 /* 3-CollisionUITests.xctest */;
			productType = "com.apple.product-type.bundle.ui-testing";
		};
/* End PBXNativeTarget section */

/* Begin PBXProject section */
		DB8C5D59229D941900EC3F13 /* Project object */ = {
			isa = PBXProject;
			attributes = {
				LastSwiftUpdateCheck = 1020;
				LastUpgradeCheck = 1020;
				ORGANIZATIONNAME = "Mehmet Tarhan";
				TargetAttributes = {
					DB8C5D60229D941900EC3F13 = {
						CreatedOnToolsVersion = 10.2.1;
					};
					DB8C5D76229D941B00EC3F13 = {
						CreatedOnToolsVersion = 10.2.1;
						TestTargetID = DB8C5D60229D941900EC3F13;
					};
					DB8C5D81229D941B00EC3F13 = {
						CreatedOnToolsVersion = 10.2.1;
						TestTargetID = DB8C5D60229D941900EC3F13;
					};
				};
			};
			buildConfigurationList = DB8C5D5C229D941900EC3F13 /* Build configuration list for PBXProject "3-Collision" */;
			compatibilityVersion = "Xcode 9.3";
			developmentRegion = en;
			hasScannedForEncodings = 0;
			knownRegions = (
				en,
				Base,
			);
			mainGroup = DB8C5D58229D941900EC3F13;
			productRefGroup = DB8C5D62229D941900EC3F13 /* Products */;
			projectDirPath = "";
			projectRoot = "";
			targets = (
				DB8C5D60229D941900EC3F13 /* 3-Collision */,
				DB8C5D76229D941B00EC3F13 /* 3-CollisionTests */,
				DB8C5D81229D941B00EC3F13 /* 3-CollisionUITests */,
			);
		};
/* End PBXProject section */

/* Begin PBXResourcesBuildPhase section */
		DB8C5D5F229D941900EC3F13 /* Resources */ = {
			isa = PBXResourcesBuildPhase;
			buildActionMask = 2147483647;
			files = (
				DB8C5D67229D941900EC3F13 /* art.scnassets in Resources */,
				DB8C5D71229D941A00EC3F13 /* LaunchScreen.storyboard in Resources */,
				DB8C5D6E229D941A00EC3F13 /* Assets.xcassets in Resources */,
				DB8C5D6C229D941900EC3F13 /* Main.storyboard in Resources */,
			);
			runOnlyForDeploymentPostprocessing = 0;
		};
		DB8C5D75229D941B00EC3F13 /* Resources */ = {
			isa = PBXResourcesBuildPhase;
			buildActionMask = 2147483647;
			files = (
			);
			runOnlyForDeploymentPostprocessing = 0;
		};
		DB8C5D80229D941B00EC3F13 /* Resources */ = {
			isa = PBXResourcesBuildPhase;
			buildActionMask = 2147483647;
			files = (
			);
			runOnlyForDeploymentPostprocessing = 0;
		};
/* End PBXResourcesBuildPhase section */

/* Begin PBXSourcesBuildPhase section */
		DB8C5D5D229D941900EC3F13 /* Sources */ = {
			isa = PBXSourcesBuildPhase;
			buildActionMask = 2147483647;
			files = (
				DB8C5D69229D941900EC3F13 /* ViewController.swift in Sources */,
				DB8C5D65229D941900EC3F13 /* AppDelegate.swift in Sources */,
			);
			runOnlyForDeploymentPostprocessing = 0;
		};
		DB8C5D73229D941B00EC3F13 /* Sources */ = {
			isa = PBXSourcesBuildPhase;
			buildActionMask = 2147483647;
			files = (
				DB8C5D7C229D941B00EC3F13 /* __CollisionTests.swift in Sources */,
			);
			runOnlyForDeploymentPostprocessing = 0;
		};
		DB8C5D7E229D941B00EC3F13 /* Sources */ = {
			isa = PBXSourcesBuildPhase;
			buildActionMask = 2147483647;
			files = (
				DB8C5D87229D941B00EC3F13 /* __CollisionUITests.swift in Sources */,
			);
			runOnlyForDeploymentPostprocessing = 0;
		};
/* End PBXSourcesBuildPhase section */

/* Begin PBXTargetDependency section */
		DB8C5D79229D941B00EC3F13 /* PBXTargetDependency */ = {
			isa = PBXTargetDependency;
			target = DB8C5D60229D941900EC3F13 /* 3-Collision */;
			targetProxy = DB8C5D78229D941B00EC3F13 /* PBXContainerItemProxy */;
		};
		DB8C5D84229D941B00EC3F13 /* PBXTargetDependency */ = {
			isa = PBXTargetDependency;
			target = DB8C5D60229D941900EC3F13 /* 3-Collision */;
			targetProxy = DB8C5D83229D941B00EC3F13 /* PBXContainerItemProxy */;
		};
/* End PBXTargetDependency section */

/* Begin PBXVariantGroup section */
		DB8C5D6A229D941900EC3F13 /* Main.storyboard */ = {
			isa = PBXVariantGroup;
			children = (
				DB8C5D6B229D941900EC3F13 /* Base */,
			);
			name = Main.storyboard;
			sourceTree = "<group>";
		};
		DB8C5D6F229D941A00EC3F13 /* LaunchScreen.storyboard */ = {
			isa = PBXVariantGroup;
			children = (
				DB8C5D70229D941A00EC3F13 /* Base */,
			);
			name = LaunchScreen.storyboard;
			sourceTree = "<group>";
		};
/* End PBXVariantGroup section */

/* Begin XCBuildConfiguration section */
		DB8C5D89229D941B00EC3F13 /* Debug */ = {
			isa = XCBuildConfiguration;
			buildSettings = {
				ALWAYS_SEARCH_USER_PATHS = NO;
				CLANG_ANALYZER_NONNULL = YES;
				CLANG_ANALYZER_NUMBER_OBJECT_CONVERSION = YES_AGGRESSIVE;
				CLANG_CXX_LANGUAGE_STANDARD = "gnu++14";
				CLANG_CXX_LIBRARY = "libc++";
				CLANG_ENABLE_MODULES = YES;
				CLANG_ENABLE_OBJC_ARC = YES;
				CLANG_ENABLE_OBJC_WEAK = YES;
				CLANG_WARN_BLOCK_CAPTURE_AUTORELEASING = YES;
				CLANG_WARN_BOOL_CONVERSION = YES;
				CLANG_WARN_COMMA = YES;
				CLANG_WARN_CONSTANT_CONVERSION = YES;
				CLANG_WARN_DEPRECATED_OBJC_IMPLEMENTATIONS = YES;
				CLANG_WARN_DIRECT_OBJC_ISA_USAGE = YES_ERROR;
				CLANG_WARN_DOCUMENTATION_COMMENTS = YES;
				CLANG_WARN_EMPTY_BODY = YES;
				CLANG_WARN_ENUM_CONVERSION = YES;
				CLANG_WARN_INFINITE_RECURSION = YES;
				CLANG_WARN_INT_CONVERSION = YES;
				CLANG_WARN_NON_LITERAL_NULL_CONVERSION = YES;
				CLANG_WARN_OBJC_IMPLICIT_RETAIN_SELF = YES;
				CLANG_WARN_OBJC_LITERAL_CONVERSION = YES;
				CLANG_WARN_OBJC_ROOT_CLASS = YES_ERROR;
				CLANG_WARN_RANGE_LOOP_ANALYSIS = YES;
				CLANG_WARN_STRICT_PROTOTYPES = YES;
				CLANG_WARN_SUSPICIOUS_MOVE = YES;
				CLANG_WARN_UNGUARDED_AVAILABILITY = YES_AGGRESSIVE;
				CLANG_WARN_UNREACHABLE_CODE = YES;
				CLANG_WARN__DUPLICATE_METHOD_MATCH = YES;
				CODE_SIGN_IDENTITY = "iPhone Developer";
				COPY_PHASE_STRIP = NO;
				DEBUG_INFORMATION_FORMAT = dwarf;
				ENABLE_STRICT_OBJC_MSGSEND = YES;
				ENABLE_TESTABILITY = YES;
				GCC_C_LANGUAGE_STANDARD = gnu11;
				GCC_DYNAMIC_NO_PIC = NO;
				GCC_NO_COMMON_BLOCKS = YES;
				GCC_OPTIMIZATION_LEVEL = 0;
				GCC_PREPROCESSOR_DEFINITIONS = (
					"DEBUG=1",
					"$(inherited)",
				);
				GCC_WARN_64_TO_32_BIT_CONVERSION = YES;
				GCC_WARN_ABOUT_RETURN_TYPE = YES_ERROR;
				GCC_WARN_UNDECLARED_SELECTOR = YES;
				GCC_WARN_UNINITIALIZED_AUTOS = YES_AGGRESSIVE;
				GCC_WARN_UNUSED_FUNCTION = YES;
				GCC_WARN_UNUSED_VARIABLE = YES;
				IPHONEOS_DEPLOYMENT_TARGET = 12.2;
				MTL_ENABLE_DEBUG_INFO = INCLUDE_SOURCE;
				MTL_FAST_MATH = YES;
				ONLY_ACTIVE_ARCH = YES;
				SDKROOT = iphoneos;
				SWIFT_ACTIVE_COMPILATION_CONDITIONS = DEBUG;
				SWIFT_OPTIMIZATION_LEVEL = "-Onone";
			};
			name = Debug;
		};
		DB8C5D8A229D941B00EC3F13 /* Release */ = {
			isa = XCBuildConfiguration;
			buildSettings = {
				ALWAYS_SEARCH_USER_PATHS = NO;
				CLANG_ANALYZER_NONNULL = YES;
				CLANG_ANALYZER_NUMBER_OBJECT_CONVERSION = YES_AGGRESSIVE;
				CLANG_CXX_LANGUAGE_STANDARD = "gnu++14";
				CLANG_CXX_LIBRARY = "libc++";
				CLANG_ENABLE_MODULES = YES;
				CLANG_ENABLE_OBJC_ARC = YES;
				CLANG_ENABLE_OBJC_WEAK = YES;
				CLANG_WARN_BLOCK_CAPTURE_AUTORELEASING = YES;
				CLANG_WARN_BOOL_CONVERSION = YES;
				CLANG_WARN_COMMA = YES;
				CLANG_WARN_CONSTANT_CONVERSION = YES;
				CLANG_WARN_DEPRECATED_OBJC_IMPLEMENTATIONS = YES;
				CLANG_WARN_DIRECT_OBJC_ISA_USAGE = YES_ERROR;
				CLANG_WARN_DOCUMENTATION_COMMENTS = YES;
				CLANG_WARN_EMPTY_BODY = YES;
				CLANG_WARN_ENUM_CONVERSION = YES;
				CLANG_WARN_INFINITE_RECURSION = YES;
				CLANG_WARN_INT_CONVERSION = YES;
				CLANG_WARN_NON_LITERAL_NULL_CONVERSION = YES;
				CLANG_WARN_OBJC_IMPLICIT_RETAIN_SELF = YES;
				CLANG_WARN_OBJC_LITERAL_CONVERSION = YES;
				CLANG_WARN_OBJC_ROOT_CLASS = YES_ERROR;
				CLANG_WARN_RANGE_LOOP_ANALYSIS = YES;
				CLANG_WARN_STRICT_PROTOTYPES = YES;
				CLANG_WARN_SUSPICIOUS_MOVE = YES;
				CLANG_WARN_UNGUARDED_AVAILABILITY = YES_AGGRESSIVE;
				CLANG_WARN_UNREACHABLE_CODE = YES;
				CLANG_WARN__DUPLICATE_METHOD_MATCH = YES;
				CODE_SIGN_IDENTITY = "iPhone Developer";
				COPY_PHASE_STRIP = NO;
				DEBUG_INFORMATION_FORMAT = "dwarf-with-dsym";
				ENABLE_NS_ASSERTIONS = NO;
				ENABLE_STRICT_OBJC_MSGSEND = YES;
				GCC_C_LANGUAGE_STANDARD = gnu11;
				GCC_NO_COMMON_BLOCKS = YES;
				GCC_WARN_64_TO_32_BIT_CONVERSION = YES;
				GCC_WARN_ABOUT_RETURN_TYPE = YES_ERROR;
				GCC_WARN_UNDECLARED_SELECTOR = YES;
				GCC_WARN_UNINITIALIZED_AUTOS = YES_AGGRESSIVE;
				GCC_WARN_UNUSED_FUNCTION = YES;
				GCC_WARN_UNUSED_VARIABLE = YES;
				IPHONEOS_DEPLOYMENT_TARGET = 12.2;
				MTL_ENABLE_DEBUG_INFO = NO;
				MTL_FAST_MATH = YES;
				SDKROOT = iphoneos;
				SWIFT_COMPILATION_MODE = wholemodule;
				SWIFT_OPTIMIZATION_LEVEL = "-O";
				VALIDATE_PRODUCT = YES;
			};
			name = Release;
		};
		DB8C5D8C229D941B00EC3F13 /* Debug */ = {
			isa = XCBuildConfiguration;
			buildSettings = {
				ASSETCATALOG_COMPILER_APPICON_NAME = AppIcon;
				CODE_SIGN_STYLE = Automatic;
				DEVELOPMENT_TEAM = 357K2F49RE;
				INFOPLIST_FILE = "3-Collision/Info.plist";
				LD_RUNPATH_SEARCH_PATHS = (
					"$(inherited)",
					"@executable_path/Frameworks",
				);
				PRODUCT_BUNDLE_IDENTIFIER = "xyz.arfy.3-Collision";
				PRODUCT_NAME = "$(TARGET_NAME)";
				SWIFT_VERSION = 5.0;
				TARGETED_DEVICE_FAMILY = "1,2";
			};
			name = Debug;
		};
		DB8C5D8D229D941B00EC3F13 /* Release */ = {
			isa = XCBuildConfiguration;
			buildSettings = {
				ASSETCATALOG_COMPILER_APPICON_NAME = AppIcon;
				CODE_SIGN_STYLE = Automatic;
				DEVELOPMENT_TEAM = 357K2F49RE;
				INFOPLIST_FILE = "3-Collision/Info.plist";
				LD_RUNPATH_SEARCH_PATHS = (
					"$(inherited)",
					"@executable_path/Frameworks",
				);
				PRODUCT_BUNDLE_IDENTIFIER = "xyz.arfy.3-Collision";
				PRODUCT_NAME = "$(TARGET_NAME)";
				SWIFT_VERSION = 5.0;
				TARGETED_DEVICE_FAMILY = "1,2";
			};
			name = Release;
		};
		DB8C5D8F229D941B00EC3F13 /* Debug */ = {
			isa = XCBuildConfiguration;
			buildSettings = {
				ALWAYS_EMBED_SWIFT_STANDARD_LIBRARIES = YES;
				BUNDLE_LOADER = "$(TEST_HOST)";
				CODE_SIGN_STYLE = Automatic;
				DEVELOPMENT_TEAM = V93JPRM6T8;
				INFOPLIST_FILE = "3-CollisionTests/Info.plist";
				LD_RUNPATH_SEARCH_PATHS = (
					"$(inherited)",
					"@executable_path/Frameworks",
					"@loader_path/Frameworks",
				);
				PRODUCT_BUNDLE_IDENTIFIER = "xyz.arfy.--CollisionTests";
				PRODUCT_NAME = "$(TARGET_NAME)";
				SWIFT_VERSION = 5.0;
				TARGETED_DEVICE_FAMILY = "1,2";
				TEST_HOST = "$(BUILT_PRODUCTS_DIR)/3-Collision.app/3-Collision";
			};
			name = Debug;
		};
		DB8C5D90229D941B00EC3F13 /* Release */ = {
			isa = XCBuildConfiguration;
			buildSettings = {
				ALWAYS_EMBED_SWIFT_STANDARD_LIBRARIES = YES;
				BUNDLE_LOADER = "$(TEST_HOST)";
				CODE_SIGN_STYLE = Automatic;
				DEVELOPMENT_TEAM = V93JPRM6T8;
				INFOPLIST_FILE = "3-CollisionTests/Info.plist";
				LD_RUNPATH_SEARCH_PATHS = (
					"$(inherited)",
					"@executable_path/Frameworks",
					"@loader_path/Frameworks",
				);
				PRODUCT_BUNDLE_IDENTIFIER = "xyz.arfy.--CollisionTests";
				PRODUCT_NAME = "$(TARGET_NAME)";
				SWIFT_VERSION = 5.0;
				TARGETED_DEVICE_FAMILY = "1,2";
				TEST_HOST = "$(BUILT_PRODUCTS_DIR)/3-Collision.app/3-Collision";
			};
			name = Release;
		};
		DB8C5D92229D941B00EC3F13 /* Debug */ = {
			isa = XCBuildConfiguration;
			buildSettings = {
				ALWAYS_EMBED_SWIFT_STANDARD_LIBRARIES = YES;
				CODE_SIGN_STYLE = Automatic;
				DEVELOPMENT_TEAM = V93JPRM6T8;
				INFOPLIST_FILE = "3-CollisionUITests/Info.plist";
				LD_RUNPATH_SEARCH_PATHS = (
					"$(inherited)",
					"@executable_path/Frameworks",
					"@loader_path/Frameworks",
				);
				PRODUCT_BUNDLE_IDENTIFIER = "xyz.arfy.--CollisionUITests";
				PRODUCT_NAME = "$(TARGET_NAME)";
				SWIFT_VERSION = 5.0;
				TARGETED_DEVICE_FAMILY = "1,2";
				TEST_TARGET_NAME = "3-Collision";
			};
			name = Debug;
		};
		DB8C5D93229D941B00EC3F13 /* Release */ = {
			isa = XCBuildConfiguration;
			buildSettings = {
				ALWAYS_EMBED_SWIFT_STANDARD_LIBRARIES = YES;
				CODE_SIGN_STYLE = Automatic;
				DEVELOPMENT_TEAM = V93JPRM6T8;
				INFOPLIST_FILE = "3-CollisionUITests/Info.plist";
				LD_RUNPATH_SEARCH_PATHS = (
					"$(inherited)",
					"@executable_path/Frameworks",
					"@loader_path/Frameworks",
				);
				PRODUCT_BUNDLE_IDENTIFIER = "xyz.arfy.--CollisionUITests";
				PRODUCT_NAME = "$(TARGET_NAME)";
				SWIFT_VERSION = 5.0;
				TARGETED_DEVICE_FAMILY = "1,2";
				TEST_TARGET_NAME = "3-Collision";
			};
			name = Release;
		};
/* End XCBuildConfiguration section */

/* Begin XCConfigurationList section */
		DB8C5D5C229D941900EC3F13 /* Build configuration list for PBXProject "3-Collision" */ = {
			isa = XCConfigurationList;
			buildConfigurations = (
				DB8C5D89229D941B00EC3F13 /* Debug */,
				DB8C5D8A229D941B00EC3F13 /* Release */,
			);
			defaultConfigurationIsVisible = 0;
			defaultConfigurationName = Release;
		};
		DB8C5D8B229D941B00EC3F13 /* Build configuration list for PBXNativeTarget "3-Collision" */ = {
			isa = XCConfigurationList;
			buildConfigurations = (
				DB8C5D8C229D941B00EC3F13 /* Debug */,
				DB8C5D8D229D941B00EC3F13 /* Release */,
			);
			defaultConfigurationIsVisible = 0;
			defaultConfigurationName = Release;
		};
		DB8C5D8E229D941B00EC3F13 /* Build configuration list for PBXNativeTarget "3-CollisionTests" */ = {
			isa = XCConfigurationList;
			buildConfigurations = (
				DB8C5D8F229D941B00EC3F13 /* Debug */,
				DB8C5D90229D941B00EC3F13 /* Release */,
			);
			defaultConfigurationIsVisible = 0;
			defaultConfigurationName = Release;
		};
		DB8C5D91229D941B00EC3F13 /* Build configuration list for PBXNativeTarget "3-CollisionUITests" */ = {
			isa = XCConfigurationList;
			buildConfigurations = (
				DB8C5D92229D941B00EC3F13 /* Debug */,
				DB8C5D93229D941B00EC3F13 /* Release */,
			);
			defaultConfigurationIsVisible = 0;
			defaultConfigurationName = Release;
		};
/* End XCConfigurationList section */
	};
	rootObject = DB8C5D59229D941900EC3F13 /* Project object */;
}
