// !$*UTF8*$!
{
	archiveVersion = 1;
	classes = {
	};
	objectVersion = 50;
	objects = {

/* Begin PBXBuildFile section */
		DBF65C5922B53C480076DA47 /* AppDelegate.swift in Sources */ = {isa = PBXBuildFile; fileRef = DBF65C5822B53C480076DA47 /* AppDelegate.swift */; };
		DBF65C5B22B53C480076DA47 /* art.scnassets in Resources */ = {isa = PBXBuildFile; fileRef = DBF65C5A22B53C480076DA47 /* art.scnassets */; };
		DBF65C5D22B53C480076DA47 /* ViewController.swift in Sources */ = {isa = PBXBuildFile; fileRef = DBF65C5C22B53C480076DA47 /* ViewController.swift */; };
		DBF65C6022B53C480076DA47 /* Main.storyboard in Resources */ = {isa = PBXBuildFile; fileRef = DBF65C5E22B53C480076DA47 /* Main.storyboard */; };
		DBF65C6222B53C4A0076DA47 /* Assets.xcassets in Resources */ = {isa = PBXBuildFile; fileRef = DBF65C6122B53C4A0076DA47 /* Assets.xcassets */; };
		DBF65C6522B53C4A0076DA47 /* LaunchScreen.storyboard in Resources */ = {isa = PBXBuildFile; fileRef = DBF65C6322B53C4A0076DA47 /* LaunchScreen.storyboard */; };
		DBF65C7022B53C4A0076DA47 /* __MeasurementTests.swift in Sources */ = {isa = PBXBuildFile; fileRef = DBF65C6F22B53C4A0076DA47 /* __MeasurementTests.swift */; };
		DBF65C7B22B53C4A0076DA47 /* __MeasurementUITests.swift in Sources */ = {isa = PBXBuildFile; fileRef = DBF65C7A22B53C4A0076DA47 /* __MeasurementUITests.swift */; };
/* End PBXBuildFile section */

/* Begin PBXContainerItemProxy section */
		DBF65C6C22B53C4A0076DA47 /* PBXContainerItemProxy */ = {
			isa = PBXContainerItemProxy;
			containerPortal = DBF65C4D22B53C480076DA47 /* Project object */;
			proxyType = 1;
			remoteGlobalIDString = DBF65C5422B53C480076DA47;
			remoteInfo = "4-Measurement";
		};
		DBF65C7722B53C4A0076DA47 /* PBXContainerItemProxy */ = {
			isa = PBXContainerItemProxy;
			containerPortal = DBF65C4D22B53C480076DA47 /* Project object */;
			proxyType = 1;
			remoteGlobalIDString = DBF65C5422B53C480076DA47;
			remoteInfo = "4-Measurement";
		};
/* End PBXContainerItemProxy section */

/* Begin PBXFileReference section */
		DBF65C5522B53C480076DA47 /* 4-Measurement.app */ = {isa = PBXFileReference; explicitFileType = wrapper.application; includeInIndex = 0; path = "4-Measurement.app"; sourceTree = BUILT_PRODUCTS_DIR; };
		DBF65C5822B53C480076DA47 /* AppDelegate.swift */ = {isa = PBXFileReference; lastKnownFileType = sourcecode.swift; path = AppDelegate.swift; sourceTree = "<group>"; };
		DBF65C5A22B53C480076DA47 /* art.scnassets */ = {isa = PBXFileReference; lastKnownFileType = wrapper.scnassets; path = art.scnassets; sourceTree = "<group>"; };
		DBF65C5C22B53C480076DA47 /* ViewController.swift */ = {isa = PBXFileReference; lastKnownFileType = sourcecode.swift; path = ViewController.swift; sourceTree = "<group>"; };
		DBF65C5F22B53C480076DA47 /* Base */ = {isa = PBXFileReference; lastKnownFileType = file.storyboard; name = Base; path = Base.lproj/Main.storyboard; sourceTree = "<group>"; };
		DBF65C6122B53C4A0076DA47 /* Assets.xcassets */ = {isa = PBXFileReference; lastKnownFileType = folder.assetcatalog; path = Assets.xcassets; sourceTree = "<group>"; };
		DBF65C6422B53C4A0076DA47 /* Base */ = {isa = PBXFileReference; lastKnownFileType = file.storyboard; name = Base; path = Base.lproj/LaunchScreen.storyboard; sourceTree = "<group>"; };
		DBF65C6622B53C4A0076DA47 /* Info.plist */ = {isa = PBXFileReference; lastKnownFileType = text.plist.xml; path = Info.plist; sourceTree = "<group>"; };
		DBF65C6B22B53C4A0076DA47 /* 4-MeasurementTests.xctest */ = {isa = PBXFileReference; explicitFileType = wrapper.cfbundle; includeInIndex = 0; path = "4-MeasurementTests.xctest"; sourceTree = BUILT_PRODUCTS_DIR; };
		DBF65C6F22B53C4A0076DA47 /* __MeasurementTests.swift */ = {isa = PBXFileReference; lastKnownFileType = sourcecode.swift; path = __MeasurementTests.swift; sourceTree = "<group>"; };
		DBF65C7122B53C4A0076DA47 /* Info.plist */ = {isa = PBXFileReference; lastKnownFileType = text.plist.xml; path = Info.plist; sourceTree = "<group>"; };
		DBF65C7622B53C4A0076DA47 /* 4-MeasurementUITests.xctest */ = {isa = PBXFileReference; explicitFileType = wrapper.cfbundle; includeInIndex = 0; path = "4-MeasurementUITests.xctest"; sourceTree = BUILT_PRODUCTS_DIR; };
		DBF65C7A22B53C4A0076DA47 /* __MeasurementUITests.swift */ = {isa = PBXFileReference; lastKnownFileType = sourcecode.swift; path = __MeasurementUITests.swift; sourceTree = "<group>"; };
		DBF65C7C22B53C4A0076DA47 /* Info.plist */ = {isa = PBXFileReference; lastKnownFileType = text.plist.xml; path = Info.plist; sourceTree = "<group>"; };
/* End PBXFileReference section */

/* Begin PBXFrameworksBuildPhase section */
		DBF65C5222B53C480076DA47 /* Frameworks */ = {
			isa = PBXFrameworksBuildPhase;
			buildActionMask = 2147483647;
			files = (
			);
			runOnlyForDeploymentPostprocessing = 0;
		};
		DBF65C6822B53C4A0076DA47 /* Frameworks */ = {
			isa = PBXFrameworksBuildPhase;
			buildActionMask = 2147483647;
			files = (
			);
			runOnlyForDeploymentPostprocessing = 0;
		};
		DBF65C7322B53C4A0076DA47 /* Frameworks */ = {
			isa = PBXFrameworksBuildPhase;
			buildActionMask = 2147483647;
			files = (
			);
			runOnlyForDeploymentPostprocessing = 0;
		};
/* End PBXFrameworksBuildPhase section */

/* Begin PBXGroup section */
		DBF65C4C22B53C480076DA47 = {
			isa = PBXGroup;
			children = (
				DBF65C5722B53C480076DA47 /* 4-Measurement */,
				DBF65C6E22B53C4A0076DA47 /* 4-MeasurementTests */,
				DBF65C7922B53C4A0076DA47 /* 4-MeasurementUITests */,
				DBF65C5622B53C480076DA47 /* Products */,
			);
			sourceTree = "<group>";
		};
		DBF65C5622B53C480076DA47 /* Products */ = {
			isa = PBXGroup;
			children = (
				DBF65C5522B53C480076DA47 /* 4-Measurement.app */,
				DBF65C6B22B53C4A0076DA47 /* 4-MeasurementTests.xctest */,
				DBF65C7622B53C4A0076DA47 /* 4-MeasurementUITests.xctest */,
			);
			name = Products;
			sourceTree = "<group>";
		};
		DBF65C5722B53C480076DA47 /* 4-Measurement */ = {
			isa = PBXGroup;
			children = (
				DBF65C5822B53C480076DA47 /* AppDelegate.swift */,
				DBF65C5A22B53C480076DA47 /* art.scnassets */,
				DBF65C5C22B53C480076DA47 /* ViewController.swift */,
				DBF65C5E22B53C480076DA47 /* Main.storyboard */,
				DBF65C6122B53C4A0076DA47 /* Assets.xcassets */,
				DBF65C6322B53C4A0076DA47 /* LaunchScreen.storyboard */,
				DBF65C6622B53C4A0076DA47 /* Info.plist */,
			);
			path = "4-Measurement";
			sourceTree = "<group>";
		};
		DBF65C6E22B53C4A0076DA47 /* 4-MeasurementTests */ = {
			isa = PBXGroup;
			children = (
				DBF65C6F22B53C4A0076DA47 /* __MeasurementTests.swift */,
				DBF65C7122B53C4A0076DA47 /* Info.plist */,
			);
			path = "4-MeasurementTests";
			sourceTree = "<group>";
		};
		DBF65C7922B53C4A0076DA47 /* 4-MeasurementUITests */ = {
			isa = PBXGroup;
			children = (
				DBF65C7A22B53C4A0076DA47 /* __MeasurementUITests.swift */,
				DBF65C7C22B53C4A0076DA47 /* Info.plist */,
			);
			path = "4-MeasurementUITests";
			sourceTree = "<group>";
		};
/* End PBXGroup section */

/* Begin PBXNativeTarget section */
		DBF65C5422B53C480076DA47 /* 4-Measurement */ = {
			isa = PBXNativeTarget;
			buildConfigurationList = DBF65C7F22B53C4A0076DA47 /* Build configuration list for PBXNativeTarget "4-Measurement" */;
			buildPhases = (
				DBF65C5122B53C480076DA47 /* Sources */,
				DBF65C5222B53C480076DA47 /* Frameworks */,
				DBF65C5322B53C480076DA47 /* Resources */,
			);
			buildRules = (
			);
			dependencies = (
			);
			name = "4-Measurement";
			productName = "4-Measurement";
			productReference = DBF65C5522B53C480076DA47 /* 4-Measurement.app */;
			productType = "com.apple.product-type.application";
		};
		DBF65C6A22B53C4A0076DA47 /* 4-MeasurementTests */ = {
			isa = PBXNativeTarget;
			buildConfigurationList = DBF65C8222B53C4A0076DA47 /* Build configuration list for PBXNativeTarget "4-MeasurementTests" */;
			buildPhases = (
				DBF65C6722B53C4A0076DA47 /* Sources */,
				DBF65C6822B53C4A0076DA47 /* Frameworks */,
				DBF65C6922B53C4A0076DA47 /* Resources */,
			);
			buildRules = (
			);
			dependencies = (
				DBF65C6D22B53C4A0076DA47 /* PBXTargetDependency */,
			);
			name = "4-MeasurementTests";
			productName = "4-MeasurementTests";
			productReference = DBF65C6B22B53C4A0076DA47 /* 4-MeasurementTests.xctest */;
			productType = "com.apple.product-type.bundle.unit-test";
		};
		DBF65C7522B53C4A0076DA47 /* 4-MeasurementUITests */ = {
			isa = PBXNativeTarget;
			buildConfigurationList = DBF65C8522B53C4A0076DA47 /* Build configuration list for PBXNativeTarget "4-MeasurementUITests" */;
			buildPhases = (
				DBF65C7222B53C4A0076DA47 /* Sources */,
				DBF65C7322B53C4A0076DA47 /* Frameworks */,
				DBF65C7422B53C4A0076DA47 /* Resources */,
			);
			buildRules = (
			);
			dependencies = (
				DBF65C7822B53C4A0076DA47 /* PBXTargetDependency */,
			);
			name = "4-MeasurementUITests";
			productName = "4-MeasurementUITests";
			productReference = DBF65C7622B53C4A0076DA47 /* 4-MeasurementUITests.xctest */;
			productType = "com.apple.product-type.bundle.ui-testing";
		};
/* End PBXNativeTarget section */

/* Begin PBXProject section */
		DBF65C4D22B53C480076DA47 /* Project object */ = {
			isa = PBXProject;
			attributes = {
				LastSwiftUpdateCheck = 1020;
				LastUpgradeCheck = 1020;
				ORGANIZATIONNAME = "Mehmet Tarhan";
				TargetAttributes = {
					DBF65C5422B53C480076DA47 = {
						CreatedOnToolsVersion = 10.2.1;
					};
					DBF65C6A22B53C4A0076DA47 = {
						CreatedOnToolsVersion = 10.2.1;
						TestTargetID = DBF65C5422B53C480076DA47;
					};
					DBF65C7522B53C4A0076DA47 = {
						CreatedOnToolsVersion = 10.2.1;
						TestTargetID = DBF65C5422B53C480076DA47;
					};
				};
			};
			buildConfigurationList = DBF65C5022B53C480076DA47 /* Build configuration list for PBXProject "4-Measurement" */;
			compatibilityVersion = "Xcode 9.3";
			developmentRegion = en;
			hasScannedForEncodings = 0;
			knownRegions = (
				en,
				Base,
			);
			mainGroup = DBF65C4C22B53C480076DA47;
			productRefGroup = DBF65C5622B53C480076DA47 /* Products */;
			projectDirPath = "";
			projectRoot = "";
			targets = (
				DBF65C5422B53C480076DA47 /* 4-Measurement */,
				DBF65C6A22B53C4A0076DA47 /* 4-MeasurementTests */,
				DBF65C7522B53C4A0076DA47 /* 4-MeasurementUITests */,
			);
		};
/* End PBXProject section */

/* Begin PBXResourcesBuildPhase section */
		DBF65C5322B53C480076DA47 /* Resources */ = {
			isa = PBXResourcesBuildPhase;
			buildActionMask = 2147483647;
			files = (
				DBF65C5B22B53C480076DA47 /* art.scnassets in Resources */,
				DBF65C6522B53C4A0076DA47 /* LaunchScreen.storyboard in Resources */,
				DBF65C6222B53C4A0076DA47 /* Assets.xcassets in Resources */,
				DBF65C6022B53C480076DA47 /* Main.storyboard in Resources */,
			);
			runOnlyForDeploymentPostprocessing = 0;
		};
		DBF65C6922B53C4A0076DA47 /* Resources */ = {
			isa = PBXResourcesBuildPhase;
			buildActionMask = 2147483647;
			files = (
			);
			runOnlyForDeploymentPostprocessing = 0;
		};
		DBF65C7422B53C4A0076DA47 /* Resources */ = {
			isa = PBXResourcesBuildPhase;
			buildActionMask = 2147483647;
			files = (
			);
			runOnlyForDeploymentPostprocessing = 0;
		};
/* End PBXResourcesBuildPhase section */

/* Begin PBXSourcesBuildPhase section */
		DBF65C5122B53C480076DA47 /* Sources */ = {
			isa = PBXSourcesBuildPhase;
			buildActionMask = 2147483647;
			files = (
				DBF65C5D22B53C480076DA47 /* ViewController.swift in Sources */,
				DBF65C5922B53C480076DA47 /* AppDelegate.swift in Sources */,
			);
			runOnlyForDeploymentPostprocessing = 0;
		};
		DBF65C6722B53C4A0076DA47 /* Sources */ = {
			isa = PBXSourcesBuildPhase;
			buildActionMask = 2147483647;
			files = (
				DBF65C7022B53C4A0076DA47 /* __MeasurementTests.swift in Sources */,
			);
			runOnlyForDeploymentPostprocessing = 0;
		};
		DBF65C7222B53C4A0076DA47 /* Sources */ = {
			isa = PBXSourcesBuildPhase;
			buildActionMask = 2147483647;
			files = (
				DBF65C7B22B53C4A0076DA47 /* __MeasurementUITests.swift in Sources */,
			);
			runOnlyForDeploymentPostprocessing = 0;
		};
/* End PBXSourcesBuildPhase section */

/* Begin PBXTargetDependency section */
		DBF65C6D22B53C4A0076DA47 /* PBXTargetDependency */ = {
			isa = PBXTargetDependency;
			target = DBF65C5422B53C480076DA47 /* 4-Measurement */;
			targetProxy = DBF65C6C22B53C4A0076DA47 /* PBXContainerItemProxy */;
		};
		DBF65C7822B53C4A0076DA47 /* PBXTargetDependency */ = {
			isa = PBXTargetDependency;
			target = DBF65C5422B53C480076DA47 /* 4-Measurement */;
			targetProxy = DBF65C7722B53C4A0076DA47 /* PBXContainerItemProxy */;
		};
/* End PBXTargetDependency section */

/* Begin PBXVariantGroup section */
		DBF65C5E22B53C480076DA47 /* Main.storyboard */ = {
			isa = PBXVariantGroup;
			children = (
				DBF65C5F22B53C480076DA47 /* Base */,
			);
			name = Main.storyboard;
			sourceTree = "<group>";
		};
		DBF65C6322B53C4A0076DA47 /* LaunchScreen.storyboard */ = {
			isa = PBXVariantGroup;
			children = (
				DBF65C6422B53C4A0076DA47 /* Base */,
			);
			name = LaunchScreen.storyboard;
			sourceTree = "<group>";
		};
/* End PBXVariantGroup section */

/* Begin XCBuildConfiguration section */
		DBF65C7D22B53C4A0076DA47 /* Debug */ = {
			isa = XCBuildConfiguration;
			buildSettings = {
				ALWAYS_SEARCH_USER_PATHS = NO;
				CLANG_ANALYZER_NONNULL = YES;
				CLANG_ANALYZER_NUMBER_OBJECT_CONVERSION = YES_AGGRESSIVE;
				CLANG_CXX_LANGUAGE_STANDARD = "gnu++14";
				CLANG_CXX_LIBRARY = "libc++";
				CLANG_ENABLE_MODULES = YES;
				CLANG_ENABLE_OBJC_ARC = YES;
				CLANG_ENABLE_OBJC_WEAK = YES;
				CLANG_WARN_BLOCK_CAPTURE_AUTORELEASING = YES;
				CLANG_WARN_BOOL_CONVERSION = YES;
				CLANG_WARN_COMMA = YES;
				CLANG_WARN_CONSTANT_CONVERSION = YES;
				CLANG_WARN_DEPRECATED_OBJC_IMPLEMENTATIONS = YES;
				CLANG_WARN_DIRECT_OBJC_ISA_USAGE = YES_ERROR;
				CLANG_WARN_DOCUMENTATION_COMMENTS = YES;
				CLANG_WARN_EMPTY_BODY = YES;
				CLANG_WARN_ENUM_CONVERSION = YES;
				CLANG_WARN_INFINITE_RECURSION = YES;
				CLANG_WARN_INT_CONVERSION = YES;
				CLANG_WARN_NON_LITERAL_NULL_CONVERSION = YES;
				CLANG_WARN_OBJC_IMPLICIT_RETAIN_SELF = YES;
				CLANG_WARN_OBJC_LITERAL_CONVERSION = YES;
				CLANG_WARN_OBJC_ROOT_CLASS = YES_ERROR;
				CLANG_WARN_RANGE_LOOP_ANALYSIS = YES;
				CLANG_WARN_STRICT_PROTOTYPES = YES;
				CLANG_WARN_SUSPICIOUS_MOVE = YES;
				CLANG_WARN_UNGUARDED_AVAILABILITY = YES_AGGRESSIVE;
				CLANG_WARN_UNREACHABLE_CODE = YES;
				CLANG_WARN__DUPLICATE_METHOD_MATCH = YES;
				CODE_SIGN_IDENTITY = "iPhone Developer";
				COPY_PHASE_STRIP = NO;
				DEBUG_INFORMATION_FORMAT = dwarf;
				ENABLE_STRICT_OBJC_MSGSEND = YES;
				ENABLE_TESTABILITY = YES;
				GCC_C_LANGUAGE_STANDARD = gnu11;
				GCC_DYNAMIC_NO_PIC = NO;
				GCC_NO_COMMON_BLOCKS = YES;
				GCC_OPTIMIZATION_LEVEL = 0;
				GCC_PREPROCESSOR_DEFINITIONS = (
					"DEBUG=1",
					"$(inherited)",
				);
				GCC_WARN_64_TO_32_BIT_CONVERSION = YES;
				GCC_WARN_ABOUT_RETURN_TYPE = YES_ERROR;
				GCC_WARN_UNDECLARED_SELECTOR = YES;
				GCC_WARN_UNINITIALIZED_AUTOS = YES_AGGRESSIVE;
				GCC_WARN_UNUSED_FUNCTION = YES;
				GCC_WARN_UNUSED_VARIABLE = YES;
				IPHONEOS_DEPLOYMENT_TARGET = 12.2;
				MTL_ENABLE_DEBUG_INFO = INCLUDE_SOURCE;
				MTL_FAST_MATH = YES;
				ONLY_ACTIVE_ARCH = YES;
				SDKROOT = iphoneos;
				SWIFT_ACTIVE_COMPILATION_CONDITIONS = DEBUG;
				SWIFT_OPTIMIZATION_LEVEL = "-Onone";
			};
			name = Debug;
		};
		DBF65C7E22B53C4A0076DA47 /* Release */ = {
			isa = XCBuildConfiguration;
			buildSettings = {
				ALWAYS_SEARCH_USER_PATHS = NO;
				CLANG_ANALYZER_NONNULL = YES;
				CLANG_ANALYZER_NUMBER_OBJECT_CONVERSION = YES_AGGRESSIVE;
				CLANG_CXX_LANGUAGE_STANDARD = "gnu++14";
				CLANG_CXX_LIBRARY = "libc++";
				CLANG_ENABLE_MODULES = YES;
				CLANG_ENABLE_OBJC_ARC = YES;
				CLANG_ENABLE_OBJC_WEAK = YES;
				CLANG_WARN_BLOCK_CAPTURE_AUTORELEASING = YES;
				CLANG_WARN_BOOL_CONVERSION = YES;
				CLANG_WARN_COMMA = YES;
				CLANG_WARN_CONSTANT_CONVERSION = YES;
				CLANG_WARN_DEPRECATED_OBJC_IMPLEMENTATIONS = YES;
				CLANG_WARN_DIRECT_OBJC_ISA_USAGE = YES_ERROR;
				CLANG_WARN_DOCUMENTATION_COMMENTS = YES;
				CLANG_WARN_EMPTY_BODY = YES;
				CLANG_WARN_ENUM_CONVERSION = YES;
				CLANG_WARN_INFINITE_RECURSION = YES;
				CLANG_WARN_INT_CONVERSION = YES;
				CLANG_WARN_NON_LITERAL_NULL_CONVERSION = YES;
				CLANG_WARN_OBJC_IMPLICIT_RETAIN_SELF = YES;
				CLANG_WARN_OBJC_LITERAL_CONVERSION = YES;
				CLANG_WARN_OBJC_ROOT_CLASS = YES_ERROR;
				CLANG_WARN_RANGE_LOOP_ANALYSIS = YES;
				CLANG_WARN_STRICT_PROTOTYPES = YES;
				CLANG_WARN_SUSPICIOUS_MOVE = YES;
				CLANG_WARN_UNGUARDED_AVAILABILITY = YES_AGGRESSIVE;
				CLANG_WARN_UNREACHABLE_CODE = YES;
				CLANG_WARN__DUPLICATE_METHOD_MATCH = YES;
				CODE_SIGN_IDENTITY = "iPhone Developer";
				COPY_PHASE_STRIP = NO;
				DEBUG_INFORMATION_FORMAT = "dwarf-with-dsym";
				ENABLE_NS_ASSERTIONS = NO;
				ENABLE_STRICT_OBJC_MSGSEND = YES;
				GCC_C_LANGUAGE_STANDARD = gnu11;
				GCC_NO_COMMON_BLOCKS = YES;
				GCC_WARN_64_TO_32_BIT_CONVERSION = YES;
				GCC_WARN_ABOUT_RETURN_TYPE = YES_ERROR;
				GCC_WARN_UNDECLARED_SELECTOR = YES;
				GCC_WARN_UNINITIALIZED_AUTOS = YES_AGGRESSIVE;
				GCC_WARN_UNUSED_FUNCTION = YES;
				GCC_WARN_UNUSED_VARIABLE = YES;
				IPHONEOS_DEPLOYMENT_TARGET = 12.2;
				MTL_ENABLE_DEBUG_INFO = NO;
				MTL_FAST_MATH = YES;
				SDKROOT = iphoneos;
				SWIFT_COMPILATION_MODE = wholemodule;
				SWIFT_OPTIMIZATION_LEVEL = "-O";
				VALIDATE_PRODUCT = YES;
			};
			name = Release;
		};
		DBF65C8022B53C4A0076DA47 /* Debug */ = {
			isa = XCBuildConfiguration;
			buildSettings = {
				ASSETCATALOG_COMPILER_APPICON_NAME = AppIcon;
				CODE_SIGN_STYLE = Automatic;
				DEVELOPMENT_TEAM = V93JPRM6T8;
				INFOPLIST_FILE = "4-Measurement/Info.plist";
				LD_RUNPATH_SEARCH_PATHS = (
					"$(inherited)",
					"@executable_path/Frameworks",
				);
				PRODUCT_BUNDLE_IDENTIFIER = xyz.arfy.Measurement;
				PRODUCT_NAME = "$(TARGET_NAME)";
				SWIFT_VERSION = 5.0;
				TARGETED_DEVICE_FAMILY = "1,2";
			};
			name = Debug;
		};
		DBF65C8122B53C4A0076DA47 /* Release */ = {
			isa = XCBuildConfiguration;
			buildSettings = {
				ASSETCATALOG_COMPILER_APPICON_NAME = AppIcon;
				CODE_SIGN_STYLE = Automatic;
				DEVELOPMENT_TEAM = V93JPRM6T8;
				INFOPLIST_FILE = "4-Measurement/Info.plist";
				LD_RUNPATH_SEARCH_PATHS = (
					"$(inherited)",
					"@executable_path/Frameworks",
				);
				PRODUCT_BUNDLE_IDENTIFIER = xyz.arfy.Measurement;
				PRODUCT_NAME = "$(TARGET_NAME)";
				SWIFT_VERSION = 5.0;
				TARGETED_DEVICE_FAMILY = "1,2";
			};
			name = Release;
		};
		DBF65C8322B53C4A0076DA47 /* Debug */ = {
			isa = XCBuildConfiguration;
			buildSettings = {
				ALWAYS_EMBED_SWIFT_STANDARD_LIBRARIES = YES;
				BUNDLE_LOADER = "$(TEST_HOST)";
				CODE_SIGN_STYLE = Automatic;
				DEVELOPMENT_TEAM = V93JPRM6T8;
				INFOPLIST_FILE = "4-MeasurementTests/Info.plist";
				LD_RUNPATH_SEARCH_PATHS = (
					"$(inherited)",
					"@executable_path/Frameworks",
					"@loader_path/Frameworks",
				);
				PRODUCT_BUNDLE_IDENTIFIER = "xyz.arfy.--MeasurementTests";
				PRODUCT_NAME = "$(TARGET_NAME)";
				SWIFT_VERSION = 5.0;
				TARGETED_DEVICE_FAMILY = "1,2";
				TEST_HOST = "$(BUILT_PRODUCTS_DIR)/4-Measurement.app/4-Measurement";
			};
			name = Debug;
		};
		DBF65C8422B53C4A0076DA47 /* Release */ = {
			isa = XCBuildConfiguration;
			buildSettings = {
				ALWAYS_EMBED_SWIFT_STANDARD_LIBRARIES = YES;
				BUNDLE_LOADER = "$(TEST_HOST)";
				CODE_SIGN_STYLE = Automatic;
				DEVELOPMENT_TEAM = V93JPRM6T8;
				INFOPLIST_FILE = "4-MeasurementTests/Info.plist";
				LD_RUNPATH_SEARCH_PATHS = (
					"$(inherited)",
					"@executable_path/Frameworks",
					"@loader_path/Frameworks",
				);
				PRODUCT_BUNDLE_IDENTIFIER = "xyz.arfy.--MeasurementTests";
				PRODUCT_NAME = "$(TARGET_NAME)";
				SWIFT_VERSION = 5.0;
				TARGETED_DEVICE_FAMILY = "1,2";
				TEST_HOST = "$(BUILT_PRODUCTS_DIR)/4-Measurement.app/4-Measurement";
			};
			name = Release;
		};
		DBF65C8622B53C4A0076DA47 /* Debug */ = {
			isa = XCBuildConfiguration;
			buildSettings = {
				ALWAYS_EMBED_SWIFT_STANDARD_LIBRARIES = YES;
				CODE_SIGN_STYLE = Automatic;
				DEVELOPMENT_TEAM = V93JPRM6T8;
				INFOPLIST_FILE = "4-MeasurementUITests/Info.plist";
				LD_RUNPATH_SEARCH_PATHS = (
					"$(inherited)",
					"@executable_path/Frameworks",
					"@loader_path/Frameworks",
				);
				PRODUCT_BUNDLE_IDENTIFIER = "xyz.arfy.--MeasurementUITests";
				PRODUCT_NAME = "$(TARGET_NAME)";
				SWIFT_VERSION = 5.0;
				TARGETED_DEVICE_FAMILY = "1,2";
				TEST_TARGET_NAME = "4-Measurement";
			};
			name = Debug;
		};
		DBF65C8722B53C4A0076DA47 /* Release */ = {
			isa = XCBuildConfiguration;
			buildSettings = {
				ALWAYS_EMBED_SWIFT_STANDARD_LIBRARIES = YES;
				CODE_SIGN_STYLE = Automatic;
				DEVELOPMENT_TEAM = V93JPRM6T8;
				INFOPLIST_FILE = "4-MeasurementUITests/Info.plist";
				LD_RUNPATH_SEARCH_PATHS = (
					"$(inherited)",
					"@executable_path/Frameworks",
					"@loader_path/Frameworks",
				);
				PRODUCT_BUNDLE_IDENTIFIER = "xyz.arfy.--MeasurementUITests";
				PRODUCT_NAME = "$(TARGET_NAME)";
				SWIFT_VERSION = 5.0;
				TARGETED_DEVICE_FAMILY = "1,2";
				TEST_TARGET_NAME = "4-Measurement";
			};
			name = Release;
		};
/* End XCBuildConfiguration section */

/* Begin XCConfigurationList section */
		DBF65C5022B53C480076DA47 /* Build configuration list for PBXProject "4-Measurement" */ = {
			isa = XCConfigurationList;
			buildConfigurations = (
				DBF65C7D22B53C4A0076DA47 /* Debug */,
				DBF65C7E22B53C4A0076DA47 /* Release */,
			);
			defaultConfigurationIsVisible = 0;
			defaultConfigurationName = Release;
		};
		DBF65C7F22B53C4A0076DA47 /* Build configuration list for PBXNativeTarget "4-Measurement" */ = {
			isa = XCConfigurationList;
			buildConfigurations = (
				DBF65C8022B53C4A0076DA47 /* Debug */,
				DBF65C8122B53C4A0076DA47 /* Release */,
			);
			defaultConfigurationIsVisible = 0;
			defaultConfigurationName = Release;
		};
		DBF65C8222B53C4A0076DA47 /* Build configuration list for PBXNativeTarget "4-MeasurementTests" */ = {
			isa = XCConfigurationList;
			buildConfigurations = (
				DBF65C8322B53C4A0076DA47 /* Debug */,
				DBF65C8422B53C4A0076DA47 /* Release */,
			);
			defaultConfigurationIsVisible = 0;
			defaultConfigurationName = Release;
		};
		DBF65C8522B53C4A0076DA47 /* Build configuration list for PBXNativeTarget "4-MeasurementUITests" */ = {
			isa = XCConfigurationList;
			buildConfigurations = (
				DBF65C8622B53C4A0076DA47 /* Debug */,
				DBF65C8722B53C4A0076DA47 /* Release */,
			);
			defaultConfigurationIsVisible = 0;
			defaultConfigurationName = Release;
		};
/* End XCConfigurationList section */
	};
	rootObject = DBF65C4D22B53C480076DA47 /* Project object */;
}
